// !$*UTF8*$!
{
	archiveVersion = 1;
	classes = {
	};
	objectVersion = 50;
	objects = {

/* Begin PBXBuildFile section */
		772179E82398335100C53738 /* PlaneCustomCell.swift in Sources */ = {isa = PBXBuildFile; fileRef = 772179E72398335100C53738 /* PlaneCustomCell.swift */; };
		772179EA239835D400C53738 /* PlaneViewController.swift in Sources */ = {isa = PBXBuildFile; fileRef = 772179E9239835D400C53738 /* PlaneViewController.swift */; };
		772179EE2398799400C53738 /* TicketsViewController.swift in Sources */ = {isa = PBXBuildFile; fileRef = 772179ED2398799400C53738 /* TicketsViewController.swift */; };
		772179F1239879FC00C53738 /* TicketsCustomCell.swift in Sources */ = {isa = PBXBuildFile; fileRef = 772179F0239879FC00C53738 /* TicketsCustomCell.swift */; };
		77397558239467CD00298F35 /* AppDelegate.swift in Sources */ = {isa = PBXBuildFile; fileRef = 77397557239467CD00298F35 /* AppDelegate.swift */; };
		7739755A239467CD00298F35 /* AddPlaneController.swift in Sources */ = {isa = PBXBuildFile; fileRef = 77397559239467CD00298F35 /* AddPlaneController.swift */; };
		7739755D239467CD00298F35 /* Main.storyboard in Resources */ = {isa = PBXBuildFile; fileRef = 7739755B239467CD00298F35 /* Main.storyboard */; };
		7739755F239467CD00298F35 /* Assets.xcassets in Resources */ = {isa = PBXBuildFile; fileRef = 7739755E239467CD00298F35 /* Assets.xcassets */; };
		77397562239467CD00298F35 /* LaunchScreen.storyboard in Resources */ = {isa = PBXBuildFile; fileRef = 77397560239467CD00298F35 /* LaunchScreen.storyboard */; };
/* End PBXBuildFile section */

/* Begin PBXFileReference section */
		772179E72398335100C53738 /* PlaneCustomCell.swift */ = {isa = PBXFileReference; lastKnownFileType = sourcecode.swift; path = PlaneCustomCell.swift; sourceTree = "<group>"; };
		772179E9239835D400C53738 /* PlaneViewController.swift */ = {isa = PBXFileReference; lastKnownFileType = sourcecode.swift; path = PlaneViewController.swift; sourceTree = "<group>"; };
		772179ED2398799400C53738 /* TicketsViewController.swift */ = {isa = PBXFileReference; lastKnownFileType = sourcecode.swift; path = TicketsViewController.swift; sourceTree = "<group>"; };
		772179F0239879FC00C53738 /* TicketsCustomCell.swift */ = {isa = PBXFileReference; lastKnownFileType = sourcecode.swift; path = TicketsCustomCell.swift; sourceTree = "<group>"; };
		77397554239467CD00298F35 /* iPhone_admin.app */ = {isa = PBXFileReference; explicitFileType = wrapper.application; includeInIndex = 0; path = iPhone_admin.app; sourceTree = BUILT_PRODUCTS_DIR; };
		77397557239467CD00298F35 /* AppDelegate.swift */ = {isa = PBXFileReference; lastKnownFileType = sourcecode.swift; path = AppDelegate.swift; sourceTree = "<group>"; };
		77397559239467CD00298F35 /* AddPlaneController.swift */ = {isa = PBXFileReference; lastKnownFileType = sourcecode.swift; path = AddPlaneController.swift; sourceTree = "<group>"; };
		7739755C239467CD00298F35 /* Base */ = {isa = PBXFileReference; lastKnownFileType = file.storyboard; name = Base; path = Base.lproj/Main.storyboard; sourceTree = "<group>"; };
		7739755E239467CD00298F35 /* Assets.xcassets */ = {isa = PBXFileReference; lastKnownFileType = folder.assetcatalog; path = Assets.xcassets; sourceTree = "<group>"; };
		77397561239467CD00298F35 /* Base */ = {isa = PBXFileReference; lastKnownFileType = file.storyboard; name = Base; path = Base.lproj/LaunchScreen.storyboard; sourceTree = "<group>"; };
		77397563239467CD00298F35 /* Info.plist */ = {isa = PBXFileReference; lastKnownFileType = text.plist.xml; path = Info.plist; sourceTree = "<group>"; };
/* End PBXFileReference section */

/* Begin PBXFrameworksBuildPhase section */
		77397551239467CD00298F35 /* Frameworks */ = {
			isa = PBXFrameworksBuildPhase;
			buildActionMask = 2147483647;
			files = (
			);
			runOnlyForDeploymentPostprocessing = 0;
		};
/* End PBXFrameworksBuildPhase section */

/* Begin PBXGroup section */
		772179EB2398796A00C53738 /* PlaneDisplay */ = {
			isa = PBXGroup;
			children = (
				772179E72398335100C53738 /* PlaneCustomCell.swift */,
				772179E9239835D400C53738 /* PlaneViewController.swift */,
			);
			path = PlaneDisplay;
			sourceTree = "<group>";
		};
		772179EC2398797E00C53738 /* PlaneAdd */ = {
			isa = PBXGroup;
			children = (
				77397559239467CD00298F35 /* AddPlaneController.swift */,
			);
			path = PlaneAdd;
			sourceTree = "<group>";
		};
		772179EF239879DF00C53738 /* Tickets */ = {
			isa = PBXGroup;
			children = (
				772179F0239879FC00C53738 /* TicketsCustomCell.swift */,
				772179ED2398799400C53738 /* TicketsViewController.swift */,
			);
			path = Tickets;
			sourceTree = "<group>";
		};
		7739754B239467CD00298F35 = {
			isa = PBXGroup;
			children = (
				77397556239467CD00298F35 /* iPhone_admin */,
				77397555239467CD00298F35 /* Products */,
			);
			sourceTree = "<group>";
		};
		77397555239467CD00298F35 /* Products */ = {
			isa = PBXGroup;
			children = (
				77397554239467CD00298F35 /* iPhone_admin.app */,
			);
			name = Products;
			sourceTree = "<group>";
		};
		77397556239467CD00298F35 /* iPhone_admin */ = {
			isa = PBXGroup;
			children = (
				77397557239467CD00298F35 /* AppDelegate.swift */,
				772179EF239879DF00C53738 /* Tickets */,
				772179EB2398796A00C53738 /* PlaneDisplay */,
				772179EC2398797E00C53738 /* PlaneAdd */,
				7739755B239467CD00298F35 /* Main.storyboard */,
				7739755E239467CD00298F35 /* Assets.xcassets */,
				77397560239467CD00298F35 /* LaunchScreen.storyboard */,
				77397563239467CD00298F35 /* Info.plist */,
			);
			path = iPhone_admin;
			sourceTree = "<group>";
		};
/* End PBXGroup section */

/* Begin PBXNativeTarget section */
		77397553239467CD00298F35 /* iPhone_admin */ = {
			isa = PBXNativeTarget;
			buildConfigurationList = 77397566239467CD00298F35 /* Build configuration list for PBXNativeTarget "iPhone_admin" */;
			buildPhases = (
				77397550239467CD00298F35 /* Sources */,
				77397551239467CD00298F35 /* Frameworks */,
				77397552239467CD00298F35 /* Resources */,
			);
			buildRules = (
			);
			dependencies = (
			);
			name = iPhone_admin;
			productName = iPhone_admin;
			productReference = 77397554239467CD00298F35 /* iPhone_admin.app */;
			productType = "com.apple.product-type.application";
		};
/* End PBXNativeTarget section */

/* Begin PBXProject section */
		7739754C239467CD00298F35 /* Project object */ = {
			isa = PBXProject;
			attributes = {
				LastSwiftUpdateCheck = 1030;
				LastUpgradeCheck = 1030;
				ORGANIZATIONNAME = "Nikolay Zhurba";
				TargetAttributes = {
					77397553239467CD00298F35 = {
						CreatedOnToolsVersion = 10.3;
					};
				};
			};
			buildConfigurationList = 7739754F239467CD00298F35 /* Build configuration list for PBXProject "iPhone_admin" */;
			compatibilityVersion = "Xcode 9.3";
			developmentRegion = en;
			hasScannedForEncodings = 0;
			knownRegions = (
				en,
				Base,
			);
			mainGroup = 7739754B239467CD00298F35;
			productRefGroup = 77397555239467CD00298F35 /* Products */;
			projectDirPath = "";
			projectRoot = "";
			targets = (
				77397553239467CD00298F35 /* iPhone_admin */,
			);
		};
/* End PBXProject section */

/* Begin PBXResourcesBuildPhase section */
		77397552239467CD00298F35 /* Resources */ = {
			isa = PBXResourcesBuildPhase;
			buildActionMask = 2147483647;
			files = (
				77397562239467CD00298F35 /* LaunchScreen.storyboard in Resources */,
				7739755F239467CD00298F35 /* Assets.xcassets in Resources */,
				7739755D239467CD00298F35 /* Main.storyboard in Resources */,
			);
			runOnlyForDeploymentPostprocessing = 0;
		};
/* End PBXResourcesBuildPhase section */

/* Begin PBXSourcesBuildPhase section */
		77397550239467CD00298F35 /* Sources */ = {
			isa = PBXSourcesBuildPhase;
			buildActionMask = 2147483647;
			files = (
				772179E82398335100C53738 /* PlaneCustomCell.swift in Sources */,
				772179EE2398799400C53738 /* TicketsViewController.swift in Sources */,
				7739755A239467CD00298F35 /* AddPlaneController.swift in Sources */,
				77397558239467CD00298F35 /* AppDelegate.swift in Sources */,
				772179F1239879FC00C53738 /* TicketsCustomCell.swift in Sources */,
				772179EA239835D400C53738 /* PlaneViewController.swift in Sources */,
			);
			runOnlyForDeploymentPostprocessing = 0;
		};
/* End PBXSourcesBuildPhase section */

/* Begin PBXVariantGroup section */
		7739755B239467CD00298F35 /* Main.storyboard */ = {
			isa = PBXVariantGroup;
			children = (
				7739755C239467CD00298F35 /* Base */,
			);
			name = Main.storyboard;
			sourceTree = "<group>";
		};
		77397560239467CD00298F35 /* LaunchScreen.storyboard */ = {
			isa = PBXVariantGroup;
			children = (
				77397561239467CD00298F35 /* Base */,
			);
			name = LaunchScreen.storyboard;
			sourceTree = "<group>";
		};
/* End PBXVariantGroup section */

/* Begin XCBuildConfiguration section */
		77397564239467CD00298F35 /* Debug */ = {
			isa = XCBuildConfiguration;
			buildSettings = {
				ALWAYS_SEARCH_USER_PATHS = NO;
				CLANG_ANALYZER_NONNULL = YES;
				CLANG_ANALYZER_NUMBER_OBJECT_CONVERSION = YES_AGGRESSIVE;
				CLANG_CXX_LANGUAGE_STANDARD = "gnu++14";
				CLANG_CXX_LIBRARY = "libc++";
				CLANG_ENABLE_MODULES = YES;
				CLANG_ENABLE_OBJC_ARC = YES;
				CLANG_ENABLE_OBJC_WEAK = YES;
				CLANG_WARN_BLOCK_CAPTURE_AUTORELEASING = YES;
				CLANG_WARN_BOOL_CONVERSION = YES;
				CLANG_WARN_COMMA = YES;
				CLANG_WARN_CONSTANT_CONVERSION = YES;
				CLANG_WARN_DEPRECATED_OBJC_IMPLEMENTATIONS = YES;
				CLANG_WARN_DIRECT_OBJC_ISA_USAGE = YES_ERROR;
				CLANG_WARN_DOCUMENTATION_COMMENTS = YES;
				CLANG_WARN_EMPTY_BODY = YES;
				CLANG_WARN_ENUM_CONVERSION = YES;
				CLANG_WARN_INFINITE_RECURSION = YES;
				CLANG_WARN_INT_CONVERSION = YES;
				CLANG_WARN_NON_LITERAL_NULL_CONVERSION = YES;
				CLANG_WARN_OBJC_IMPLICIT_RETAIN_SELF = YES;
				CLANG_WARN_OBJC_LITERAL_CONVERSION = YES;
				CLANG_WARN_OBJC_ROOT_CLASS = YES_ERROR;
				CLANG_WARN_RANGE_LOOP_ANALYSIS = YES;
				CLANG_WARN_STRICT_PROTOTYPES = YES;
				CLANG_WARN_SUSPICIOUS_MOVE = YES;
				CLANG_WARN_UNGUARDED_AVAILABILITY = YES_AGGRESSIVE;
				CLANG_WARN_UNREACHABLE_CODE = YES;
				CLANG_WARN__DUPLICATE_METHOD_MATCH = YES;
				CODE_SIGN_IDENTITY = "iPhone Developer";
				COPY_PHASE_STRIP = NO;
				DEBUG_INFORMATION_FORMAT = dwarf;
				ENABLE_STRICT_OBJC_MSGSEND = YES;
				ENABLE_TESTABILITY = YES;
				GCC_C_LANGUAGE_STANDARD = gnu11;
				GCC_DYNAMIC_NO_PIC = NO;
				GCC_NO_COMMON_BLOCKS = YES;
				GCC_OPTIMIZATION_LEVEL = 0;
				GCC_PREPROCESSOR_DEFINITIONS = (
					"DEBUG=1",
					"$(inherited)",
				);
				GCC_WARN_64_TO_32_BIT_CONVERSION = YES;
				GCC_WARN_ABOUT_RETURN_TYPE = YES_ERROR;
				GCC_WARN_UNDECLARED_SELECTOR = YES;
				GCC_WARN_UNINITIALIZED_AUTOS = YES_AGGRESSIVE;
				GCC_WARN_UNUSED_FUNCTION = YES;
				GCC_WARN_UNUSED_VARIABLE = YES;
				IPHONEOS_DEPLOYMENT_TARGET = 12.4;
				MTL_ENABLE_DEBUG_INFO = INCLUDE_SOURCE;
				MTL_FAST_MATH = YES;
				ONLY_ACTIVE_ARCH = YES;
				SDKROOT = iphoneos;
				SWIFT_ACTIVE_COMPILATION_CONDITIONS = DEBUG;
				SWIFT_OPTIMIZATION_LEVEL = "-Onone";
			};
			name = Debug;
		};
		77397565239467CD00298F35 /* Release */ = {
			isa = XCBuildConfiguration;
			buildSettings = {
				ALWAYS_SEARCH_USER_PATHS = NO;
				CLANG_ANALYZER_NONNULL = YES;
				CLANG_ANALYZER_NUMBER_OBJECT_CONVERSION = YES_AGGRESSIVE;
				CLANG_CXX_LANGUAGE_STANDARD = "gnu++14";
				CLANG_CXX_LIBRARY = "libc++";
				CLANG_ENABLE_MODULES = YES;
				CLANG_ENABLE_OBJC_ARC = YES;
				CLANG_ENABLE_OBJC_WEAK = YES;
				CLANG_WARN_BLOCK_CAPTURE_AUTORELEASING = YES;
				CLANG_WARN_BOOL_CONVERSION = YES;
				CLANG_WARN_COMMA = YES;
				CLANG_WARN_CONSTANT_CONVERSION = YES;
				CLANG_WARN_DEPRECATED_OBJC_IMPLEMENTATIONS = YES;
				CLANG_WARN_DIRECT_OBJC_ISA_USAGE = YES_ERROR;
				CLANG_WARN_DOCUMENTATION_COMMENTS = YES;
				CLANG_WARN_EMPTY_BODY = YES;
				CLANG_WARN_ENUM_CONVERSION = YES;
				CLANG_WARN_INFINITE_RECURSION = YES;
				CLANG_WARN_INT_CONVERSION = YES;
				CLANG_WARN_NON_LITERAL_NULL_CONVERSION = YES;
				CLANG_WARN_OBJC_IMPLICIT_RETAIN_SELF = YES;
				CLANG_WARN_OBJC_LITERAL_CONVERSION = YES;
				CLANG_WARN_OBJC_ROOT_CLASS = YES_ERROR;
				CLANG_WARN_RANGE_LOOP_ANALYSIS = YES;
				CLANG_WARN_STRICT_PROTOTYPES = YES;
				CLANG_WARN_SUSPICIOUS_MOVE = YES;
				CLANG_WARN_UNGUARDED_AVAILABILITY = YES_AGGRESSIVE;
				CLANG_WARN_UNREACHABLE_CODE = YES;
				CLANG_WARN__DUPLICATE_METHOD_MATCH = YES;
				CODE_SIGN_IDENTITY = "iPhone Developer";
				COPY_PHASE_STRIP = NO;
				DEBUG_INFORMATION_FORMAT = "dwarf-with-dsym";
				ENABLE_NS_ASSERTIONS = NO;
				ENABLE_STRICT_OBJC_MSGSEND = YES;
				GCC_C_LANGUAGE_STANDARD = gnu11;
				GCC_NO_COMMON_BLOCKS = YES;
				GCC_WARN_64_TO_32_BIT_CONVERSION = YES;
				GCC_WARN_ABOUT_RETURN_TYPE = YES_ERROR;
				GCC_WARN_UNDECLARED_SELECTOR = YES;
				GCC_WARN_UNINITIALIZED_AUTOS = YES_AGGRESSIVE;
				GCC_WARN_UNUSED_FUNCTION = YES;
				GCC_WARN_UNUSED_VARIABLE = YES;
				IPHONEOS_DEPLOYMENT_TARGET = 12.4;
				MTL_ENABLE_DEBUG_INFO = NO;
				MTL_FAST_MATH = YES;
				SDKROOT = iphoneos;
				SWIFT_COMPILATION_MODE = wholemodule;
				SWIFT_OPTIMIZATION_LEVEL = "-O";
				VALIDATE_PRODUCT = YES;
			};
			name = Release;
		};
		77397567239467CD00298F35 /* Debug */ = {
			isa = XCBuildConfiguration;
			buildSettings = {
				ASSETCATALOG_COMPILER_APPICON_NAME = AppIcon;
				CODE_SIGN_STYLE = Automatic;
				INFOPLIST_FILE = iPhone_admin/Info.plist;
				LD_RUNPATH_SEARCH_PATHS = (
					"$(inherited)",
					"@executable_path/Frameworks",
				);
				PRODUCT_BUNDLE_IDENTIFIER = "mzhurba.iPhone-admin";
				PRODUCT_NAME = "$(TARGET_NAME)";
				SWIFT_VERSION = 5.0;
				TARGETED_DEVICE_FAMILY = "1,2";
			};
			name = Debug;
		};
		77397568239467CD00298F35 /* Release */ = {
			isa = XCBuildConfiguration;
			buildSettings = {
				ASSETCATALOG_COMPILER_APPICON_NAME = AppIcon;
				CODE_SIGN_STYLE = Automatic;
				INFOPLIST_FILE = iPhone_admin/Info.plist;
				LD_RUNPATH_SEARCH_PATHS = (
					"$(inherited)",
					"@executable_path/Frameworks",
				);
				PRODUCT_BUNDLE_IDENTIFIER = "mzhurba.iPhone-admin";
				PRODUCT_NAME = "$(TARGET_NAME)";
				SWIFT_VERSION = 5.0;
				TARGETED_DEVICE_FAMILY = "1,2";
			};
			name = Release;
		};
/* End XCBuildConfiguration section */

/* Begin XCConfigurationList section */
		7739754F239467CD00298F35 /* Build configuration list for PBXProject "iPhone_admin" */ = {
			isa = XCConfigurationList;
			buildConfigurations = (
				77397564239467CD00298F35 /* Debug */,
				77397565239467CD00298F35 /* Release */,
			);
			defaultConfigurationIsVisible = 0;
			defaultConfigurationName = Release;
		};
		77397566239467CD00298F35 /* Build configuration list for PBXNativeTarget "iPhone_admin" */ = {
			isa = XCConfigurationList;
			buildConfigurations = (
				77397567239467CD00298F35 /* Debug */,
				77397568239467CD00298F35 /* Release */,
			);
			defaultConfigurationIsVisible = 0;
			defaultConfigurationName = Release;
		};
/* End XCConfigurationList section */
	};
	rootObject = 7739754C239467CD00298F35 /* Project object */;
}
